
Microsoft Visual Studio Solution File, Format Version 12.00
# Visual Studio Version 17
VisualStudioVersion = 17.12.35707.178 d17.12
MinimumVisualStudioVersion = 10.0.40219.1
Project("{888888A0-9F3D-457C-B088-3A5042F75D52}") = "CorporateITProcessDashboard", "CorporateITProcessDashboard.pyproj", "{CA6623E7-39B8-4BB7-B6F0-9BE5ED6ED123}"
EndProject
Global
	GlobalSection(SolutionConfigurationPlatforms) = preSolution
		Debug|Any CPU = Debug|Any CPU
		Release|Any CPU = Release|Any CPU
	EndGlobalSection
	GlobalSection(ProjectConfigurationPlatforms) = postSolution
		{CA6623E7-39B8-4BB7-B6F0-9BE5ED6ED123}.Debug|Any CPU.ActiveCfg = Debug|Any CPU
		{CA6623E7-39B8-4BB7-B6F0-9BE5ED6ED123}.Release|Any CPU.ActiveCfg = Release|Any CPU
	EndGlobalSection
	GlobalSection(SolutionProperties) = preSolution
		HideSolutionNode = FALSE
	EndGlobalSection
EndGlobal
